
Microsoft Visual Studio Solution File, Format Version 12.00
# Visual Studio Version 16
VisualStudioVersion = 16.0.32228.343
MinimumVisualStudioVersion = 10.0.40219.1
Project("{FAE04EC0-301F-11D3-BF4B-00C04F79EFBC}") = "Abstract", "Abstract\Abstract.csproj", "{52A52F21-B172-4134-9F40-D69750599AEB}"
EndProject
Global
	GlobalSection(SolutionConfigurationPlatforms) = preSolution
		Debug|Any CPU = Debug|Any CPU
		Release|Any CPU = Release|Any CPU
	EndGlobalSection
	GlobalSection(ProjectConfigurationPlatforms) = postSolution
		{52A52F21-B172-4134-9F40-D69750599AEB}.Debug|Any CPU.ActiveCfg = Debug|Any CPU
		{52A52F21-B172-4134-9F40-D69750599AEB}.Debug|Any CPU.Build.0 = Debug|Any CPU
		{52A52F21-B172-4134-9F40-D69750599AEB}.Release|Any CPU.ActiveCfg = Release|Any CPU
		{52A52F21-B172-4134-9F40-D69750599AEB}.Release|Any CPU.Build.0 = Release|Any CPU
	EndGlobalSection
	GlobalSection(SolutionProperties) = preSolution
		HideSolutionNode = FALSE
	EndGlobalSection
	GlobalSection(ExtensibilityGlobals) = postSolution
		SolutionGuid = {0B8B3528-5DAE-4E2C-B551-B9346E7426B2}
	EndGlobalSection
EndGlobal
