
Microsoft Visual Studio Solution File, Format Version 12.00
# Visual Studio Version 16
VisualStudioVersion = 16.0.32228.343
MinimumVisualStudioVersion = 10.0.40219.1
Project("{FAE04EC0-301F-11D3-BF4B-00C04F79EFBC}") = "String", "String\String.csproj", "{E20E7E44-AABB-4CC6-9CC8-59E5434079CE}"
EndProject
Global
	GlobalSection(SolutionConfigurationPlatforms) = preSolution
		Debug|Any CPU = Debug|Any CPU
		Release|Any CPU = Release|Any CPU
	EndGlobalSection
	GlobalSection(ProjectConfigurationPlatforms) = postSolution
		{E20E7E44-AABB-4CC6-9CC8-59E5434079CE}.Debug|Any CPU.ActiveCfg = Debug|Any CPU
		{E20E7E44-AABB-4CC6-9CC8-59E5434079CE}.Debug|Any CPU.Build.0 = Debug|Any CPU
		{E20E7E44-AABB-4CC6-9CC8-59E5434079CE}.Release|Any CPU.ActiveCfg = Release|Any CPU
		{E20E7E44-AABB-4CC6-9CC8-59E5434079CE}.Release|Any CPU.Build.0 = Release|Any CPU
	EndGlobalSection
	GlobalSection(SolutionProperties) = preSolution
		HideSolutionNode = FALSE
	EndGlobalSection
	GlobalSection(ExtensibilityGlobals) = postSolution
		SolutionGuid = {8AE7B0B2-E74E-43CC-ADB5-B69040B5F358}
	EndGlobalSection
EndGlobal
