
Microsoft Visual Studio Solution File, Format Version 12.00
# Visual Studio Version 16
VisualStudioVersion = 16.0.32228.343
MinimumVisualStudioVersion = 10.0.40219.1
Project("{FAE04EC0-301F-11D3-BF4B-00C04F79EFBC}") = "MoreOnClasses", "MoreOnClasses\MoreOnClasses.csproj", "{C8D17BCA-642D-4478-83FC-5E76C8F0723F}"
EndProject
Global
	GlobalSection(SolutionConfigurationPlatforms) = preSolution
		Debug|Any CPU = Debug|Any CPU
		Release|Any CPU = Release|Any CPU
	EndGlobalSection
	GlobalSection(ProjectConfigurationPlatforms) = postSolution
		{C8D17BCA-642D-4478-83FC-5E76C8F0723F}.Debug|Any CPU.ActiveCfg = Debug|Any CPU
		{C8D17BCA-642D-4478-83FC-5E76C8F0723F}.Debug|Any CPU.Build.0 = Debug|Any CPU
		{C8D17BCA-642D-4478-83FC-5E76C8F0723F}.Release|Any CPU.ActiveCfg = Release|Any CPU
		{C8D17BCA-642D-4478-83FC-5E76C8F0723F}.Release|Any CPU.Build.0 = Release|Any CPU
	EndGlobalSection
	GlobalSection(SolutionProperties) = preSolution
		HideSolutionNode = FALSE
	EndGlobalSection
	GlobalSection(ExtensibilityGlobals) = postSolution
		SolutionGuid = {0CD069B7-881F-4F6F-93E8-1DD74B4E1375}
	EndGlobalSection
EndGlobal
