
Microsoft Visual Studio Solution File, Format Version 12.00
# Visual Studio Version 16
VisualStudioVersion = 16.0.32228.343
MinimumVisualStudioVersion = 10.0.40219.1
Project("{FAE04EC0-301F-11D3-BF4B-00C04F79EFBC}") = "Operators", "Operators\Operators.csproj", "{B698F8E7-52C4-49B5-A03B-AC3925854E98}"
EndProject
Global
	GlobalSection(SolutionConfigurationPlatforms) = preSolution
		Debug|Any CPU = Debug|Any CPU
		Release|Any CPU = Release|Any CPU
	EndGlobalSection
	GlobalSection(ProjectConfigurationPlatforms) = postSolution
		{B698F8E7-52C4-49B5-A03B-AC3925854E98}.Debug|Any CPU.ActiveCfg = Debug|Any CPU
		{B698F8E7-52C4-49B5-A03B-AC3925854E98}.Debug|Any CPU.Build.0 = Debug|Any CPU
		{B698F8E7-52C4-49B5-A03B-AC3925854E98}.Release|Any CPU.ActiveCfg = Release|Any CPU
		{B698F8E7-52C4-49B5-A03B-AC3925854E98}.Release|Any CPU.Build.0 = Release|Any CPU
	EndGlobalSection
	GlobalSection(SolutionProperties) = preSolution
		HideSolutionNode = FALSE
	EndGlobalSection
	GlobalSection(ExtensibilityGlobals) = postSolution
		SolutionGuid = {7683EAA1-E85E-4306-8F3A-DBE651798F8D}
	EndGlobalSection
EndGlobal
